// !$*UTF8*$!
{
	archiveVersion = 1;
	classes = {
	};
	objectVersion = 50;
	objects = {

/* Begin PBXBuildFile section */
		18A1F8EF21CC621E004DF8DB /* LoginView.swift in Sources */ = {isa = PBXBuildFile; fileRef = 18A1F8ED21CC621E004DF8DB /* LoginView.swift */; };
		18A1F8F021CC621E004DF8DB /* LoginView.xib in Resources */ = {isa = PBXBuildFile; fileRef = 18A1F8EE21CC621E004DF8DB /* LoginView.xib */; };
		D025339321CD71FB004D8776 /* ReplacingCoordinator.swift in Sources */ = {isa = PBXBuildFile; fileRef = D025339221CD71FB004D8776 /* ReplacingCoordinator.swift */; };
		D030606221CD21FF0015FDAB /* ReplaceView.swift in Sources */ = {isa = PBXBuildFile; fileRef = D030606021CD21FF0015FDAB /* ReplaceView.swift */; };
		D030606321CD21FF0015FDAB /* ReplaceView.xib in Resources */ = {isa = PBXBuildFile; fileRef = D030606121CD21FF0015FDAB /* ReplaceView.xib */; };
		D030606621CD34040015FDAB /* Coordinator.swift in Sources */ = {isa = PBXBuildFile; fileRef = D030606521CD34040015FDAB /* Coordinator.swift */; };
		D030606821CD34240015FDAB /* AppCoordinator.swift in Sources */ = {isa = PBXBuildFile; fileRef = D030606721CD34240015FDAB /* AppCoordinator.swift */; };
		D030606A21CD4F150015FDAB /* BasicCoordinator.swift in Sources */ = {isa = PBXBuildFile; fileRef = D030606921CD4F150015FDAB /* BasicCoordinator.swift */; };
		D05C3BFC21CC3623004FA174 /* AppDelegate.swift in Sources */ = {isa = PBXBuildFile; fileRef = D05C3BFB21CC3623004FA174 /* AppDelegate.swift */; };
		D05C3BFE21CC3623004FA174 /* MainView.swift in Sources */ = {isa = PBXBuildFile; fileRef = D05C3BFD21CC3623004FA174 /* MainView.swift */; };
		D05C3C0321CC3625004FA174 /* Assets.xcassets in Resources */ = {isa = PBXBuildFile; fileRef = D05C3C0221CC3625004FA174 /* Assets.xcassets */; };
		D05C3C0621CC3625004FA174 /* LaunchScreen.storyboard in Resources */ = {isa = PBXBuildFile; fileRef = D05C3C0421CC3625004FA174 /* LaunchScreen.storyboard */; };
		D05C3C0F21CC37E1004FA174 /* MainView.xib in Resources */ = {isa = PBXBuildFile; fileRef = D05C3C0E21CC37E1004FA174 /* MainView.xib */; };
		D0C92C1B21D0F7DB00FC06A2 /* KeyframeCoordinator.swift in Sources */ = {isa = PBXBuildFile; fileRef = D0C92C1A21D0F7DB00FC06A2 /* KeyframeCoordinator.swift */; };
		D0C92C1E21D0F91E00FC06A2 /* KeyframeView.swift in Sources */ = {isa = PBXBuildFile; fileRef = D0C92C1C21D0F91E00FC06A2 /* KeyframeView.swift */; };
		D0C92C1F21D0F91E00FC06A2 /* KeyframeView.xib in Resources */ = {isa = PBXBuildFile; fileRef = D0C92C1D21D0F91E00FC06A2 /* KeyframeView.xib */; };
		D0F184B921D3F5D200653E57 /* TableviewView.swift in Sources */ = {isa = PBXBuildFile; fileRef = D0F184B721D3F5D200653E57 /* TableviewView.swift */; };
		D0F184BC21D3F6CF00653E57 /* TableviewCoordinator.swift in Sources */ = {isa = PBXBuildFile; fileRef = D0F184BB21D3F6CF00653E57 /* TableviewCoordinator.swift */; };
/* End PBXBuildFile section */

/* Begin PBXFileReference section */
		18A1F8ED21CC621E004DF8DB /* LoginView.swift */ = {isa = PBXFileReference; lastKnownFileType = sourcecode.swift; name = LoginView.swift; path = Animations/Basic/LoginView.swift; sourceTree = SOURCE_ROOT; };
		18A1F8EE21CC621E004DF8DB /* LoginView.xib */ = {isa = PBXFileReference; lastKnownFileType = file.xib; name = LoginView.xib; path = Animations/Basic/LoginView.xib; sourceTree = SOURCE_ROOT; };
		D025339221CD71FB004D8776 /* ReplacingCoordinator.swift */ = {isa = PBXFileReference; lastKnownFileType = sourcecode.swift; path = ReplacingCoordinator.swift; sourceTree = "<group>"; };
		D030606021CD21FF0015FDAB /* ReplaceView.swift */ = {isa = PBXFileReference; lastKnownFileType = sourcecode.swift; path = ReplaceView.swift; sourceTree = "<group>"; };
		D030606121CD21FF0015FDAB /* ReplaceView.xib */ = {isa = PBXFileReference; lastKnownFileType = file.xib; path = ReplaceView.xib; sourceTree = "<group>"; };
		D030606521CD34040015FDAB /* Coordinator.swift */ = {isa = PBXFileReference; lastKnownFileType = sourcecode.swift; path = Coordinator.swift; sourceTree = "<group>"; };
		D030606721CD34240015FDAB /* AppCoordinator.swift */ = {isa = PBXFileReference; lastKnownFileType = sourcecode.swift; path = AppCoordinator.swift; sourceTree = "<group>"; };
		D030606921CD4F150015FDAB /* BasicCoordinator.swift */ = {isa = PBXFileReference; lastKnownFileType = sourcecode.swift; path = BasicCoordinator.swift; sourceTree = "<group>"; };
		D05C3BF821CC3623004FA174 /* Animations.app */ = {isa = PBXFileReference; explicitFileType = wrapper.application; includeInIndex = 0; path = Animations.app; sourceTree = BUILT_PRODUCTS_DIR; };
		D05C3BFB21CC3623004FA174 /* AppDelegate.swift */ = {isa = PBXFileReference; lastKnownFileType = sourcecode.swift; path = AppDelegate.swift; sourceTree = "<group>"; };
		D05C3BFD21CC3623004FA174 /* MainView.swift */ = {isa = PBXFileReference; lastKnownFileType = sourcecode.swift; path = MainView.swift; sourceTree = "<group>"; };
		D05C3C0221CC3625004FA174 /* Assets.xcassets */ = {isa = PBXFileReference; lastKnownFileType = folder.assetcatalog; path = Assets.xcassets; sourceTree = "<group>"; };
		D05C3C0521CC3625004FA174 /* Base */ = {isa = PBXFileReference; lastKnownFileType = file.storyboard; name = Base; path = Base.lproj/LaunchScreen.storyboard; sourceTree = "<group>"; };
		D05C3C0721CC3625004FA174 /* Info.plist */ = {isa = PBXFileReference; lastKnownFileType = text.plist.xml; path = Info.plist; sourceTree = "<group>"; };
		D05C3C0E21CC37E1004FA174 /* MainView.xib */ = {isa = PBXFileReference; lastKnownFileType = file.xib; path = MainView.xib; sourceTree = "<group>"; };
		D0C92C1A21D0F7DB00FC06A2 /* KeyframeCoordinator.swift */ = {isa = PBXFileReference; lastKnownFileType = sourcecode.swift; path = KeyframeCoordinator.swift; sourceTree = "<group>"; };
		D0C92C1C21D0F91E00FC06A2 /* KeyframeView.swift */ = {isa = PBXFileReference; lastKnownFileType = sourcecode.swift; path = KeyframeView.swift; sourceTree = "<group>"; };
		D0C92C1D21D0F91E00FC06A2 /* KeyframeView.xib */ = {isa = PBXFileReference; lastKnownFileType = file.xib; path = KeyframeView.xib; sourceTree = "<group>"; };
		D0F184B721D3F5D200653E57 /* TableviewView.swift */ = {isa = PBXFileReference; lastKnownFileType = sourcecode.swift; path = TableviewView.swift; sourceTree = "<group>"; };
		D0F184BB21D3F6CF00653E57 /* TableviewCoordinator.swift */ = {isa = PBXFileReference; lastKnownFileType = sourcecode.swift; path = TableviewCoordinator.swift; sourceTree = "<group>"; };
/* End PBXFileReference section */

/* Begin PBXFrameworksBuildPhase section */
		D05C3BF521CC3623004FA174 /* Frameworks */ = {
			isa = PBXFrameworksBuildPhase;
			buildActionMask = 2147483647;
			files = (
			);
			runOnlyForDeploymentPostprocessing = 0;
		};
/* End PBXFrameworksBuildPhase section */

/* Begin PBXGroup section */
		18A1F8EC21CC61EF004DF8DB /* Basic */ = {
			isa = PBXGroup;
			children = (
				18A1F8ED21CC621E004DF8DB /* LoginView.swift */,
				18A1F8EE21CC621E004DF8DB /* LoginView.xib */,
				D030606921CD4F150015FDAB /* BasicCoordinator.swift */,
			);
			path = Basic;
			sourceTree = "<group>";
		};
		18A1F8F121CC657F004DF8DB /* Coordinate */ = {
			isa = PBXGroup;
			children = (
				D030606521CD34040015FDAB /* Coordinator.swift */,
				D030606721CD34240015FDAB /* AppCoordinator.swift */,
			);
			path = Coordinate;
			sourceTree = "<group>";
		};
		D030606421CD33EA0015FDAB /* Replacing */ = {
			isa = PBXGroup;
			children = (
				D030606021CD21FF0015FDAB /* ReplaceView.swift */,
				D030606121CD21FF0015FDAB /* ReplaceView.xib */,
				D025339221CD71FB004D8776 /* ReplacingCoordinator.swift */,
			);
			path = Replacing;
			sourceTree = "<group>";
		};
		D05C3BEF21CC3623004FA174 = {
			isa = PBXGroup;
			children = (
				D05C3BFA21CC3623004FA174 /* Animations */,
				D05C3BF921CC3623004FA174 /* Products */,
			);
			sourceTree = "<group>";
		};
		D05C3BF921CC3623004FA174 /* Products */ = {
			isa = PBXGroup;
			children = (
				D05C3BF821CC3623004FA174 /* Animations.app */,
			);
			name = Products;
			sourceTree = "<group>";
		};
		D05C3BFA21CC3623004FA174 /* Animations */ = {
			isa = PBXGroup;
			children = (
				D0F184B621D3F59300653E57 /* TableView */,
				D0C92C1921D0F7C800FC06A2 /* Keyframe */,
				D030606421CD33EA0015FDAB /* Replacing */,
				18A1F8F121CC657F004DF8DB /* Coordinate */,
				18A1F8EC21CC61EF004DF8DB /* Basic */,
				D05C3C0D21CC37D0004FA174 /* Main */,
				D05C3BFB21CC3623004FA174 /* AppDelegate.swift */,
				D05C3C0221CC3625004FA174 /* Assets.xcassets */,
				D05C3C0421CC3625004FA174 /* LaunchScreen.storyboard */,
				D05C3C0721CC3625004FA174 /* Info.plist */,
			);
			path = Animations;
			sourceTree = "<group>";
		};
		D05C3C0D21CC37D0004FA174 /* Main */ = {
			isa = PBXGroup;
			children = (
				D05C3BFD21CC3623004FA174 /* MainView.swift */,
				D05C3C0E21CC37E1004FA174 /* MainView.xib */,
			);
			path = Main;
			sourceTree = "<group>";
		};
		D0C92C1921D0F7C800FC06A2 /* Keyframe */ = {
			isa = PBXGroup;
			children = (
				D0C92C1A21D0F7DB00FC06A2 /* KeyframeCoordinator.swift */,
				D0C92C1C21D0F91E00FC06A2 /* KeyframeView.swift */,
				D0C92C1D21D0F91E00FC06A2 /* KeyframeView.xib */,
			);
			path = Keyframe;
			sourceTree = "<group>";
		};
		D0F184B621D3F59300653E57 /* TableView */ = {
			isa = PBXGroup;
			children = (
				D0F184B721D3F5D200653E57 /* TableviewView.swift */,
				D0F184BB21D3F6CF00653E57 /* TableviewCoordinator.swift */,
			);
			path = TableView;
			sourceTree = "<group>";
		};
/* End PBXGroup section */

/* Begin PBXNativeTarget section */
		D05C3BF721CC3623004FA174 /* Animations */ = {
			isa = PBXNativeTarget;
			buildConfigurationList = D05C3C0A21CC3625004FA174 /* Build configuration list for PBXNativeTarget "Animations" */;
			buildPhases = (
				D05C3BF421CC3623004FA174 /* Sources */,
				D05C3BF521CC3623004FA174 /* Frameworks */,
				D05C3BF621CC3623004FA174 /* Resources */,
			);
			buildRules = (
			);
			dependencies = (
			);
			name = Animations;
			productName = Animations;
			productReference = D05C3BF821CC3623004FA174 /* Animations.app */;
			productType = "com.apple.product-type.application";
		};
/* End PBXNativeTarget section */

/* Begin PBXProject section */
		D05C3BF021CC3623004FA174 /* Project object */ = {
			isa = PBXProject;
			attributes = {
				LastSwiftUpdateCheck = 1010;
				LastUpgradeCheck = 1010;
				ORGANIZATIONNAME = "Marcos Felipe Souza";
				TargetAttributes = {
					D05C3BF721CC3623004FA174 = {
						CreatedOnToolsVersion = 10.1;
					};
				};
			};
			buildConfigurationList = D05C3BF321CC3623004FA174 /* Build configuration list for PBXProject "Animations" */;
			compatibilityVersion = "Xcode 9.3";
			developmentRegion = en;
			hasScannedForEncodings = 0;
			knownRegions = (
				en,
				Base,
			);
			mainGroup = D05C3BEF21CC3623004FA174;
			productRefGroup = D05C3BF921CC3623004FA174 /* Products */;
			projectDirPath = "";
			projectRoot = "";
			targets = (
				D05C3BF721CC3623004FA174 /* Animations */,
			);
		};
/* End PBXProject section */

/* Begin PBXResourcesBuildPhase section */
		D05C3BF621CC3623004FA174 /* Resources */ = {
			isa = PBXResourcesBuildPhase;
			buildActionMask = 2147483647;
			files = (
				D030606321CD21FF0015FDAB /* ReplaceView.xib in Resources */,
				D05C3C0F21CC37E1004FA174 /* MainView.xib in Resources */,
				D0C92C1F21D0F91E00FC06A2 /* KeyframeView.xib in Resources */,
				D05C3C0621CC3625004FA174 /* LaunchScreen.storyboard in Resources */,
				18A1F8F021CC621E004DF8DB /* LoginView.xib in Resources */,
				D05C3C0321CC3625004FA174 /* Assets.xcassets in Resources */,
			);
			runOnlyForDeploymentPostprocessing = 0;
		};
/* End PBXResourcesBuildPhase section */

/* Begin PBXSourcesBuildPhase section */
		D05C3BF421CC3623004FA174 /* Sources */ = {
			isa = PBXSourcesBuildPhase;
			buildActionMask = 2147483647;
			files = (
				D0C92C1E21D0F91E00FC06A2 /* KeyframeView.swift in Sources */,
				18A1F8EF21CC621E004DF8DB /* LoginView.swift in Sources */,
				D0F184B921D3F5D200653E57 /* TableviewView.swift in Sources */,
				D05C3BFE21CC3623004FA174 /* MainView.swift in Sources */,
				D05C3BFC21CC3623004FA174 /* AppDelegate.swift in Sources */,
				D030606821CD34240015FDAB /* AppCoordinator.swift in Sources */,
				D030606221CD21FF0015FDAB /* ReplaceView.swift in Sources */,
				D030606A21CD4F150015FDAB /* BasicCoordinator.swift in Sources */,
				D0F184BC21D3F6CF00653E57 /* TableviewCoordinator.swift in Sources */,
				D025339321CD71FB004D8776 /* ReplacingCoordinator.swift in Sources */,
				D030606621CD34040015FDAB /* Coordinator.swift in Sources */,
				D0C92C1B21D0F7DB00FC06A2 /* KeyframeCoordinator.swift in Sources */,
			);
			runOnlyForDeploymentPostprocessing = 0;
		};
/* End PBXSourcesBuildPhase section */

/* Begin PBXVariantGroup section */
		D05C3C0421CC3625004FA174 /* LaunchScreen.storyboard */ = {
			isa = PBXVariantGroup;
			children = (
				D05C3C0521CC3625004FA174 /* Base */,
			);
			name = LaunchScreen.storyboard;
			sourceTree = "<group>";
		};
/* End PBXVariantGroup section */

/* Begin XCBuildConfiguration section */
		D05C3C0821CC3625004FA174 /* Debug */ = {
			isa = XCBuildConfiguration;
			buildSettings = {
				ALWAYS_SEARCH_USER_PATHS = NO;
				CLANG_ANALYZER_NONNULL = YES;
				CLANG_ANALYZER_NUMBER_OBJECT_CONVERSION = YES_AGGRESSIVE;
				CLANG_CXX_LANGUAGE_STANDARD = "gnu++14";
				CLANG_CXX_LIBRARY = "libc++";
				CLANG_ENABLE_MODULES = YES;
				CLANG_ENABLE_OBJC_ARC = YES;
				CLANG_ENABLE_OBJC_WEAK = YES;
				CLANG_WARN_BLOCK_CAPTURE_AUTORELEASING = YES;
				CLANG_WARN_BOOL_CONVERSION = YES;
				CLANG_WARN_COMMA = YES;
				CLANG_WARN_CONSTANT_CONVERSION = YES;
				CLANG_WARN_DEPRECATED_OBJC_IMPLEMENTATIONS = YES;
				CLANG_WARN_DIRECT_OBJC_ISA_USAGE = YES_ERROR;
				CLANG_WARN_DOCUMENTATION_COMMENTS = YES;
				CLANG_WARN_EMPTY_BODY = YES;
				CLANG_WARN_ENUM_CONVERSION = YES;
				CLANG_WARN_INFINITE_RECURSION = YES;
				CLANG_WARN_INT_CONVERSION = YES;
				CLANG_WARN_NON_LITERAL_NULL_CONVERSION = YES;
				CLANG_WARN_OBJC_IMPLICIT_RETAIN_SELF = YES;
				CLANG_WARN_OBJC_LITERAL_CONVERSION = YES;
				CLANG_WARN_OBJC_ROOT_CLASS = YES_ERROR;
				CLANG_WARN_RANGE_LOOP_ANALYSIS = YES;
				CLANG_WARN_STRICT_PROTOTYPES = YES;
				CLANG_WARN_SUSPICIOUS_MOVE = YES;
				CLANG_WARN_UNGUARDED_AVAILABILITY = YES_AGGRESSIVE;
				CLANG_WARN_UNREACHABLE_CODE = YES;
				CLANG_WARN__DUPLICATE_METHOD_MATCH = YES;
				CODE_SIGN_IDENTITY = "iPhone Developer";
				COPY_PHASE_STRIP = NO;
				DEBUG_INFORMATION_FORMAT = dwarf;
				ENABLE_STRICT_OBJC_MSGSEND = YES;
				ENABLE_TESTABILITY = YES;
				GCC_C_LANGUAGE_STANDARD = gnu11;
				GCC_DYNAMIC_NO_PIC = NO;
				GCC_NO_COMMON_BLOCKS = YES;
				GCC_OPTIMIZATION_LEVEL = 0;
				GCC_PREPROCESSOR_DEFINITIONS = (
					"DEBUG=1",
					"$(inherited)",
				);
				GCC_WARN_64_TO_32_BIT_CONVERSION = YES;
				GCC_WARN_ABOUT_RETURN_TYPE = YES_ERROR;
				GCC_WARN_UNDECLARED_SELECTOR = YES;
				GCC_WARN_UNINITIALIZED_AUTOS = YES_AGGRESSIVE;
				GCC_WARN_UNUSED_FUNCTION = YES;
				GCC_WARN_UNUSED_VARIABLE = YES;
				IPHONEOS_DEPLOYMENT_TARGET = 12.1;
				MTL_ENABLE_DEBUG_INFO = INCLUDE_SOURCE;
				MTL_FAST_MATH = YES;
				ONLY_ACTIVE_ARCH = YES;
				SDKROOT = iphoneos;
				SWIFT_ACTIVE_COMPILATION_CONDITIONS = DEBUG;
				SWIFT_OPTIMIZATION_LEVEL = "-Onone";
			};
			name = Debug;
		};
		D05C3C0921CC3625004FA174 /* Release */ = {
			isa = XCBuildConfiguration;
			buildSettings = {
				ALWAYS_SEARCH_USER_PATHS = NO;
				CLANG_ANALYZER_NONNULL = YES;
				CLANG_ANALYZER_NUMBER_OBJECT_CONVERSION = YES_AGGRESSIVE;
				CLANG_CXX_LANGUAGE_STANDARD = "gnu++14";
				CLANG_CXX_LIBRARY = "libc++";
				CLANG_ENABLE_MODULES = YES;
				CLANG_ENABLE_OBJC_ARC = YES;
				CLANG_ENABLE_OBJC_WEAK = YES;
				CLANG_WARN_BLOCK_CAPTURE_AUTORELEASING = YES;
				CLANG_WARN_BOOL_CONVERSION = YES;
				CLANG_WARN_COMMA = YES;
				CLANG_WARN_CONSTANT_CONVERSION = YES;
				CLANG_WARN_DEPRECATED_OBJC_IMPLEMENTATIONS = YES;
				CLANG_WARN_DIRECT_OBJC_ISA_USAGE = YES_ERROR;
				CLANG_WARN_DOCUMENTATION_COMMENTS = YES;
				CLANG_WARN_EMPTY_BODY = YES;
				CLANG_WARN_ENUM_CONVERSION = YES;
				CLANG_WARN_INFINITE_RECURSION = YES;
				CLANG_WARN_INT_CONVERSION = YES;
				CLANG_WARN_NON_LITERAL_NULL_CONVERSION = YES;
				CLANG_WARN_OBJC_IMPLICIT_RETAIN_SELF = YES;
				CLANG_WARN_OBJC_LITERAL_CONVERSION = YES;
				CLANG_WARN_OBJC_ROOT_CLASS = YES_ERROR;
				CLANG_WARN_RANGE_LOOP_ANALYSIS = YES;
				CLANG_WARN_STRICT_PROTOTYPES = YES;
				CLANG_WARN_SUSPICIOUS_MOVE = YES;
				CLANG_WARN_UNGUARDED_AVAILABILITY = YES_AGGRESSIVE;
				CLANG_WARN_UNREACHABLE_CODE = YES;
				CLANG_WARN__DUPLICATE_METHOD_MATCH = YES;
				CODE_SIGN_IDENTITY = "iPhone Developer";
				COPY_PHASE_STRIP = NO;
				DEBUG_INFORMATION_FORMAT = "dwarf-with-dsym";
				ENABLE_NS_ASSERTIONS = NO;
				ENABLE_STRICT_OBJC_MSGSEND = YES;
				GCC_C_LANGUAGE_STANDARD = gnu11;
				GCC_NO_COMMON_BLOCKS = YES;
				GCC_WARN_64_TO_32_BIT_CONVERSION = YES;
				GCC_WARN_ABOUT_RETURN_TYPE = YES_ERROR;
				GCC_WARN_UNDECLARED_SELECTOR = YES;
				GCC_WARN_UNINITIALIZED_AUTOS = YES_AGGRESSIVE;
				GCC_WARN_UNUSED_FUNCTION = YES;
				GCC_WARN_UNUSED_VARIABLE = YES;
				IPHONEOS_DEPLOYMENT_TARGET = 12.1;
				MTL_ENABLE_DEBUG_INFO = NO;
				MTL_FAST_MATH = YES;
				SDKROOT = iphoneos;
				SWIFT_COMPILATION_MODE = wholemodule;
				SWIFT_OPTIMIZATION_LEVEL = "-O";
				VALIDATE_PRODUCT = YES;
			};
			name = Release;
		};
		D05C3C0B21CC3625004FA174 /* Debug */ = {
			isa = XCBuildConfiguration;
			buildSettings = {
				ASSETCATALOG_COMPILER_APPICON_NAME = AppIcon;
				CODE_SIGN_STYLE = Automatic;
				DEVELOPMENT_TEAM = V2686JM7D9;
				INFOPLIST_FILE = Animations/Info.plist;
				LD_RUNPATH_SEARCH_PATHS = (
					"$(inherited)",
					"@executable_path/Frameworks",
				);
				PRODUCT_BUNDLE_IDENTIFIER = br.com.mfelipesp.Animations;
				PRODUCT_NAME = "$(TARGET_NAME)";
				SWIFT_VERSION = 4.2;
				TARGETED_DEVICE_FAMILY = "1,2";
			};
			name = Debug;
		};
		D05C3C0C21CC3625004FA174 /* Release */ = {
			isa = XCBuildConfiguration;
			buildSettings = {
				ASSETCATALOG_COMPILER_APPICON_NAME = AppIcon;
				CODE_SIGN_STYLE = Automatic;
				DEVELOPMENT_TEAM = V2686JM7D9;
				INFOPLIST_FILE = Animations/Info.plist;
				LD_RUNPATH_SEARCH_PATHS = (
					"$(inherited)",
					"@executable_path/Frameworks",
				);
				PRODUCT_BUNDLE_IDENTIFIER = br.com.mfelipesp.Animations;
				PRODUCT_NAME = "$(TARGET_NAME)";
				SWIFT_VERSION = 4.2;
				TARGETED_DEVICE_FAMILY = "1,2";
			};
			name = Release;
		};
/* End XCBuildConfiguration section */

/* Begin XCConfigurationList section */
		D05C3BF321CC3623004FA174 /* Build configuration list for PBXProject "Animations" */ = {
			isa = XCConfigurationList;
			buildConfigurations = (
				D05C3C0821CC3625004FA174 /* Debug */,
				D05C3C0921CC3625004FA174 /* Release */,
			);
			defaultConfigurationIsVisible = 0;
			defaultConfigurationName = Release;
		};
		D05C3C0A21CC3625004FA174 /* Build configuration list for PBXNativeTarget "Animations" */ = {
			isa = XCConfigurationList;
			buildConfigurations = (
				D05C3C0B21CC3625004FA174 /* Debug */,
				D05C3C0C21CC3625004FA174 /* Release */,
			);
			defaultConfigurationIsVisible = 0;
			defaultConfigurationName = Release;
		};
/* End XCConfigurationList section */
	};
	rootObject = D05C3BF021CC3623004FA174 /* Project object */;
}
